
Microsoft Visual Studio Solution File, Format Version 12.00
# Visual Studio 15
VisualStudioVersion = 15.0.28010.2041
MinimumVisualStudioVersion = 10.0.40219.1
Project("{8BC9CEB8-8B4A-11D0-8D11-00A0C91BC942}") = "C++_Loop_Exercises", "C++_Loop_Exercises\C++_Loop_Exercises.vcxproj", "{8AD2A972-26B8-4F45-9D30-17511A50C71C}"
EndProject
Project("{8BC9CEB8-8B4A-11D0-8D11-00A0C91BC942}") = "LittleBonus", "LittleBonus\LittleBonus.vcxproj", "{44A51E8D-067A-4291-817F-F125C36EB6DF}"
EndProject
Project("{8BC9CEB8-8B4A-11D0-8D11-00A0C91BC942}") = "FizzBuzz", "FizzBuzz\FizzBuzz.vcxproj", "{89C695D0-A48C-410A-8141-57AD3D72A78F}"
EndProject
Project("{8BC9CEB8-8B4A-11D0-8D11-00A0C91BC942}") = "ArabicNumralsToRomanNumerals", "ArabicNumralsToRomanNumerals\ArabicNumralsToRomanNumerals.vcxproj", "{AC3E843B-005B-4CB2-9976-B890DDEF1A82}"
EndProject
Global
	GlobalSection(SolutionConfigurationPlatforms) = preSolution
		Debug|x64 = Debug|x64
		Debug|x86 = Debug|x86
		Release|x64 = Release|x64
		Release|x86 = Release|x86
	EndGlobalSection
	GlobalSection(ProjectConfigurationPlatforms) = postSolution
		{8AD2A972-26B8-4F45-9D30-17511A50C71C}.Debug|x64.ActiveCfg = Debug|x64
		{8AD2A972-26B8-4F45-9D30-17511A50C71C}.Debug|x64.Build.0 = Debug|x64
		{8AD2A972-26B8-4F45-9D30-17511A50C71C}.Debug|x86.ActiveCfg = Debug|Win32
		{8AD2A972-26B8-4F45-9D30-17511A50C71C}.Debug|x86.Build.0 = Debug|Win32
		{8AD2A972-26B8-4F45-9D30-17511A50C71C}.Release|x64.ActiveCfg = Release|x64
		{8AD2A972-26B8-4F45-9D30-17511A50C71C}.Release|x64.Build.0 = Release|x64
		{8AD2A972-26B8-4F45-9D30-17511A50C71C}.Release|x86.ActiveCfg = Release|Win32
		{8AD2A972-26B8-4F45-9D30-17511A50C71C}.Release|x86.Build.0 = Release|Win32
		{44A51E8D-067A-4291-817F-F125C36EB6DF}.Debug|x64.ActiveCfg = Debug|x64
		{44A51E8D-067A-4291-817F-F125C36EB6DF}.Debug|x64.Build.0 = Debug|x64
		{44A51E8D-067A-4291-817F-F125C36EB6DF}.Debug|x86.ActiveCfg = Debug|Win32
		{44A51E8D-067A-4291-817F-F125C36EB6DF}.Debug|x86.Build.0 = Debug|Win32
		{44A51E8D-067A-4291-817F-F125C36EB6DF}.Release|x64.ActiveCfg = Release|x64
		{44A51E8D-067A-4291-817F-F125C36EB6DF}.Release|x64.Build.0 = Release|x64
		{44A51E8D-067A-4291-817F-F125C36EB6DF}.Release|x86.ActiveCfg = Release|Win32
		{44A51E8D-067A-4291-817F-F125C36EB6DF}.Release|x86.Build.0 = Release|Win32
		{89C695D0-A48C-410A-8141-57AD3D72A78F}.Debug|x64.ActiveCfg = Debug|x64
		{89C695D0-A48C-410A-8141-57AD3D72A78F}.Debug|x64.Build.0 = Debug|x64
		{89C695D0-A48C-410A-8141-57AD3D72A78F}.Debug|x86.ActiveCfg = Debug|Win32
		{89C695D0-A48C-410A-8141-57AD3D72A78F}.Debug|x86.Build.0 = Debug|Win32
		{89C695D0-A48C-410A-8141-57AD3D72A78F}.Release|x64.ActiveCfg = Release|x64
		{89C695D0-A48C-410A-8141-57AD3D72A78F}.Release|x64.Build.0 = Release|x64
		{89C695D0-A48C-410A-8141-57AD3D72A78F}.Release|x86.ActiveCfg = Release|Win32
		{89C695D0-A48C-410A-8141-57AD3D72A78F}.Release|x86.Build.0 = Release|Win32
		{AC3E843B-005B-4CB2-9976-B890DDEF1A82}.Debug|x64.ActiveCfg = Debug|x64
		{AC3E843B-005B-4CB2-9976-B890DDEF1A82}.Debug|x64.Build.0 = Debug|x64
		{AC3E843B-005B-4CB2-9976-B890DDEF1A82}.Debug|x86.ActiveCfg = Debug|Win32
		{AC3E843B-005B-4CB2-9976-B890DDEF1A82}.Debug|x86.Build.0 = Debug|Win32
		{AC3E843B-005B-4CB2-9976-B890DDEF1A82}.Release|x64.ActiveCfg = Release|x64
		{AC3E843B-005B-4CB2-9976-B890DDEF1A82}.Release|x64.Build.0 = Release|x64
		{AC3E843B-005B-4CB2-9976-B890DDEF1A82}.Release|x86.ActiveCfg = Release|Win32
		{AC3E843B-005B-4CB2-9976-B890DDEF1A82}.Release|x86.Build.0 = Release|Win32
	EndGlobalSection
	GlobalSection(SolutionProperties) = preSolution
		HideSolutionNode = FALSE
	EndGlobalSection
	GlobalSection(ExtensibilityGlobals) = postSolution
		SolutionGuid = {D2B24901-57E9-444D-B5B1-BCC925EFF2E6}
	EndGlobalSection
EndGlobal
