
Microsoft Visual Studio Solution File, Format Version 12.00
# Visual Studio 15
VisualStudioVersion = 15.0.28010.2041
MinimumVisualStudioVersion = 10.0.40219.1
Project("{8BC9CEB8-8B4A-11D0-8D11-00A0C91BC942}") = "Struct_Excersies", "Struct_Excersies\Struct_Excersies.vcxproj", "{7DD28229-DA07-4CFC-9E6E-F24441AF25E9}"
EndProject
Project("{8BC9CEB8-8B4A-11D0-8D11-00A0C91BC942}") = "Dynamic_Memory", "Dynamic_Memory\Dynamic_Memory.vcxproj", "{F96F5F43-972D-4293-AFCD-675EA5E2F295}"
EndProject
Global
	GlobalSection(SolutionConfigurationPlatforms) = preSolution
		Debug|x64 = Debug|x64
		Debug|x86 = Debug|x86
		Release|x64 = Release|x64
		Release|x86 = Release|x86
	EndGlobalSection
	GlobalSection(ProjectConfigurationPlatforms) = postSolution
		{7DD28229-DA07-4CFC-9E6E-F24441AF25E9}.Debug|x64.ActiveCfg = Debug|x64
		{7DD28229-DA07-4CFC-9E6E-F24441AF25E9}.Debug|x64.Build.0 = Debug|x64
		{7DD28229-DA07-4CFC-9E6E-F24441AF25E9}.Debug|x86.ActiveCfg = Debug|Win32
		{7DD28229-DA07-4CFC-9E6E-F24441AF25E9}.Debug|x86.Build.0 = Debug|Win32
		{7DD28229-DA07-4CFC-9E6E-F24441AF25E9}.Release|x64.ActiveCfg = Release|x64
		{7DD28229-DA07-4CFC-9E6E-F24441AF25E9}.Release|x64.Build.0 = Release|x64
		{7DD28229-DA07-4CFC-9E6E-F24441AF25E9}.Release|x86.ActiveCfg = Release|Win32
		{7DD28229-DA07-4CFC-9E6E-F24441AF25E9}.Release|x86.Build.0 = Release|Win32
		{F96F5F43-972D-4293-AFCD-675EA5E2F295}.Debug|x64.ActiveCfg = Debug|x64
		{F96F5F43-972D-4293-AFCD-675EA5E2F295}.Debug|x64.Build.0 = Debug|x64
		{F96F5F43-972D-4293-AFCD-675EA5E2F295}.Debug|x86.ActiveCfg = Debug|Win32
		{F96F5F43-972D-4293-AFCD-675EA5E2F295}.Debug|x86.Build.0 = Debug|Win32
		{F96F5F43-972D-4293-AFCD-675EA5E2F295}.Release|x64.ActiveCfg = Release|x64
		{F96F5F43-972D-4293-AFCD-675EA5E2F295}.Release|x64.Build.0 = Release|x64
		{F96F5F43-972D-4293-AFCD-675EA5E2F295}.Release|x86.ActiveCfg = Release|Win32
		{F96F5F43-972D-4293-AFCD-675EA5E2F295}.Release|x86.Build.0 = Release|Win32
	EndGlobalSection
	GlobalSection(SolutionProperties) = preSolution
		HideSolutionNode = FALSE
	EndGlobalSection
	GlobalSection(ExtensibilityGlobals) = postSolution
		SolutionGuid = {27BE232B-A994-4635-86F5-52C156ACDF03}
	EndGlobalSection
EndGlobal
